
Microsoft Visual Studio Solution File, Format Version 12.00
# Visual Studio Version 17
VisualStudioVersion = 17.0.32126.317
MinimumVisualStudioVersion = 10.0.40219.1
Project("{FAE04EC0-301F-11D3-BF4B-00C04F79EFBC}") = "CantosoCrafts.Website", "CantosoCrafts.Website.csproj", "{99A41FC4-1A83-4BBC-9ACD-4069A6CB5C20}"
EndProject
Global
	GlobalSection(SolutionConfigurationPlatforms) = preSolution
		Debug|Any CPU = Debug|Any CPU
		Release|Any CPU = Release|Any CPU
	EndGlobalSection
	GlobalSection(ProjectConfigurationPlatforms) = postSolution
		{99A41FC4-1A83-4BBC-9ACD-4069A6CB5C20}.Debug|Any CPU.ActiveCfg = Debug|Any CPU
		{99A41FC4-1A83-4BBC-9ACD-4069A6CB5C20}.Debug|Any CPU.Build.0 = Debug|Any CPU
		{99A41FC4-1A83-4BBC-9ACD-4069A6CB5C20}.Release|Any CPU.ActiveCfg = Release|Any CPU
		{99A41FC4-1A83-4BBC-9ACD-4069A6CB5C20}.Release|Any CPU.Build.0 = Release|Any CPU
	EndGlobalSection
	GlobalSection(SolutionProperties) = preSolution
		HideSolutionNode = FALSE
	EndGlobalSection
	GlobalSection(ExtensibilityGlobals) = postSolution
		SolutionGuid = {84F12B12-1C3F-45F6-8BAF-BCCACDA2ABAD}
	EndGlobalSection
EndGlobal
